
Microsoft Visual Studio Solution File, Format Version 12.00
# Visual Studio Version 17
VisualStudioVersion = 17.11.35327.3
MinimumVisualStudioVersion = 10.0.40219.1
Project("{2150E333-8FDC-42A3-9474-1A3956D46DE8}") = "Task0", "Task0", "{920F3554-0434-4070-B26B-754A8645D5BD}"
EndProject
Project("{FAE04EC0-301F-11D3-BF4B-00C04F79EFBC}") = "Tyuiu.ShindinDN.Sprint3.Task0.V13", "Tyuiu.ShindinDN.Sprint3.Task0.V13\Tyuiu.ShindinDN.Sprint3.Task0.V13.csproj", "{A52CA504-31A9-4B33-9DB1-BE3B27E88B1D}"
EndProject
Project("{FAE04EC0-301F-11D3-BF4B-00C04F79EFBC}") = "Tyuiu.ShindinDN.Sprint3.Task0.V13.Lib", "Tyuiu.ShindinDN.Sprint3.Task0.V13.Lib\Tyuiu.ShindinDN.Sprint3.Task0.V13.Lib.csproj", "{40E0082A-8A88-4870-998A-D289D3D43D4B}"
EndProject
Project("{FAE04EC0-301F-11D3-BF4B-00C04F79EFBC}") = "Tyuiu.ShindinDN.Sprint3.Task0.V13.Test", "Tyuiu.ShindinDN.Sprint3.Task0.V13.Test\Tyuiu.ShindinDN.Sprint3.Task0.V13.Test.csproj", "{03082007-B299-49A6-BADA-E690B88E88B2}"
EndProject
Project("{2150E333-8FDC-42A3-9474-1A3956D46DE8}") = "Task1", "Task1", "{6671A492-6CCA-4CD9-9CCC-6ADA6E6843F0}"
EndProject
Project("{FAE04EC0-301F-11D3-BF4B-00C04F79EFBC}") = "Tyuiu.ShindinDN.Sprint3.Task1.V7", "Tyuiu.ShindinDN.Sprint3.Task1.V7\Tyuiu.ShindinDN.Sprint3.Task1.V7.csproj", "{77D79658-E9A6-4B86-9B9A-7F230DCD028C}"
EndProject
Project("{FAE04EC0-301F-11D3-BF4B-00C04F79EFBC}") = "Tyuiu.ShindinDN.Sprint3.Task1.V7.Lib", "Tyuiu.ShindinDN.Sprint3.Task1.V7.Lib\Tyuiu.ShindinDN.Sprint3.Task1.V7.Lib.csproj", "{D9B98077-D003-4AA3-8ECC-BCB6BC4C371C}"
EndProject
Project("{FAE04EC0-301F-11D3-BF4B-00C04F79EFBC}") = "Tyuiu.ShindinDN.Sprint3.Task1.V7.Test", "Tyuiu.ShindinDN.Sprint3.Task1.V7.Test\Tyuiu.ShindinDN.Sprint3.Task1.V7.Test.csproj", "{E131D0BF-E3B4-43FE-B072-EB0C10CF1DA8}"
EndProject
Project("{2150E333-8FDC-42A3-9474-1A3956D46DE8}") = "Task2", "Task2", "{0A270CD2-07DD-41E1-9A79-25DF16A1AA0F}"
EndProject
Project("{FAE04EC0-301F-11D3-BF4B-00C04F79EFBC}") = "Tyuiu.ShindinDN.Sprint3.Task2.V8", "Tyuiu.ShindinDN.Sprint3.Task2.V8\Tyuiu.ShindinDN.Sprint3.Task2.V8.csproj", "{7AD6C196-4622-4E8F-9D2C-B9CFB00EA808}"
EndProject
Project("{FAE04EC0-301F-11D3-BF4B-00C04F79EFBC}") = "Tyuiu.ShindinDN.Sprint3.Task2.V8.Lib", "Tyuiu.ShindinDN.Sprint3.Task2.V8.Lib\Tyuiu.ShindinDN.Sprint3.Task2.V8.Lib.csproj", "{E866C3F9-CD27-4B66-BA5D-AFC6DBB573CB}"
EndProject
Project("{FAE04EC0-301F-11D3-BF4B-00C04F79EFBC}") = "Tyuiu.ShindinDN.Sprint3.Task2.V8.Test", "Tyuiu.ShindinDN.Sprint3.Task2.V8.Test\Tyuiu.ShindinDN.Sprint3.Task2.V8.Test.csproj", "{CFBBD72A-A493-4A5D-A497-402B53DB514F}"
EndProject
Project("{2150E333-8FDC-42A3-9474-1A3956D46DE8}") = "Task3", "Task3", "{9788A3A4-5AC8-4566-B96F-4801D0E2F2D0}"
EndProject
Project("{FAE04EC0-301F-11D3-BF4B-00C04F79EFBC}") = "Tyuiu.ShindinDN.Sprint3.Task3.V9", "Tyuiu.ShindinDN.Sprint3.Task3.V9\Tyuiu.ShindinDN.Sprint3.Task3.V9.csproj", "{033BA23F-49BA-4765-9568-B4839D96D2D5}"
EndProject
Project("{FAE04EC0-301F-11D3-BF4B-00C04F79EFBC}") = "Tyuiu.ShindinDN.Sprint3.Task3.V9.Lib", "Tyuiu.ShindinDN.Sprint3.Task3.V9.Lib\Tyuiu.ShindinDN.Sprint3.Task3.V9.Lib.csproj", "{FFA28291-1A1A-4178-80F1-62936B7EBF3D}"
EndProject
Project("{FAE04EC0-301F-11D3-BF4B-00C04F79EFBC}") = "Tyuiu.ShindinDN.Sprint3.Task3.V9.Test", "Tyuiu.ShindinDN.Sprint3.Task3.V9.Test\Tyuiu.ShindinDN.Sprint3.Task3.V9.Test.csproj", "{09A722DB-B3A8-4779-99D9-E07D5D531241}"
EndProject
Project("{2150E333-8FDC-42A3-9474-1A3956D46DE8}") = "Task4", "Task4", "{EB8A630C-426D-4435-8221-E7C1F94CB89E}"
EndProject
Project("{FAE04EC0-301F-11D3-BF4B-00C04F79EFBC}") = "Tyuiu.ShindinDN.Sprint3.Task4.V7", "Tyuiu.ShindinDN.Sprint3.Task4.V7\Tyuiu.ShindinDN.Sprint3.Task4.V7.csproj", "{63F7BC0A-3E6D-494C-A6B9-E0D0E2F92EB2}"
EndProject
Project("{FAE04EC0-301F-11D3-BF4B-00C04F79EFBC}") = "Tyuiu.ShindinDN.Sprint3.Task4.V7.Lib", "Tyuiu.ShindinDN.Sprint3.Task4.V7.Lib\Tyuiu.ShindinDN.Sprint3.Task4.V7.Lib.csproj", "{D4F9E1A6-69EA-42F8-A98E-6CDC5C04E92B}"
EndProject
Project("{FAE04EC0-301F-11D3-BF4B-00C04F79EFBC}") = "Tyuiu.ShindinDN.Sprint3.Task4.V7.Test", "Tyuiu.ShindinDN.Sprint3.Task4.V7.Test\Tyuiu.ShindinDN.Sprint3.Task4.V7.Test.csproj", "{B43D59BA-6FAB-42B4-B005-B9E46C29FD82}"
EndProject
Project("{2150E333-8FDC-42A3-9474-1A3956D46DE8}") = "Task5", "Task5", "{973426B1-60BF-4B04-9C8C-391703D29735}"
EndProject
Project("{FAE04EC0-301F-11D3-BF4B-00C04F79EFBC}") = "Tyuiu.ShindinDN.Sprint3.Task5.V9", "Tyuiu.ShindinDN.Sprint3.Task5.V9\Tyuiu.ShindinDN.Sprint3.Task5.V9.csproj", "{F6FF61AB-4228-49EB-93E5-8CADD8634EA0}"
EndProject
Project("{FAE04EC0-301F-11D3-BF4B-00C04F79EFBC}") = "Tyuiu.ShindinDN.Sprint3.Task5.V9.Lib", "Tyuiu.ShindinDN.Sprint3.Task5.V9.Lib\Tyuiu.ShindinDN.Sprint3.Task5.V9.Lib.csproj", "{F8C65E18-9920-458F-88D1-0C3942E8EE97}"
EndProject
Project("{FAE04EC0-301F-11D3-BF4B-00C04F79EFBC}") = "Tyuiu.ShindinDN.Sprint3.Task5.V9.Test", "Tyuiu.ShindinDN.Sprint3.Task5.V9.Test\Tyuiu.ShindinDN.Sprint3.Task5.V9.Test.csproj", "{99AC28C5-F95E-4E0B-BA17-E0BCC3F1A073}"
EndProject
Project("{2150E333-8FDC-42A3-9474-1A3956D46DE8}") = "Task6", "Task6", "{1838C06F-9397-42F3-80F8-0C73C449783F}"
EndProject
Project("{FAE04EC0-301F-11D3-BF4B-00C04F79EFBC}") = "Tyuiu.ShindinDN.Sprint3.Task6.V28", "Tyuiu.ShindinDN.Sprint3.Task6.V28\Tyuiu.ShindinDN.Sprint3.Task6.V28.csproj", "{BB54EF7E-B274-4CAE-83F1-53F7761AA4DA}"
EndProject
Project("{FAE04EC0-301F-11D3-BF4B-00C04F79EFBC}") = "Tyuiu.ShindinDN.Sprint3.Task6.V28.Lib", "Tyuiu.ShindinDN.Sprint3.Task6.V28.Lib\Tyuiu.ShindinDN.Sprint3.Task6.V28.Lib.csproj", "{14E994A4-319F-4555-B27B-0ADE1C917198}"
EndProject
Project("{FAE04EC0-301F-11D3-BF4B-00C04F79EFBC}") = "Tyuiu.ShindinDN.Sprint3.Task6.V28.Test", "Tyuiu.ShindinDN.Sprint3.Task6.V28.Test\Tyuiu.ShindinDN.Sprint3.Task6.V28.Test.csproj", "{48997E0E-FBC8-4EB2-92D7-94D2CE9DBCFB}"
EndProject
Project("{2150E333-8FDC-42A3-9474-1A3956D46DE8}") = "Task7", "Task7", "{8D5358FD-438A-4366-AD12-F5D7FCE02CEF}"
EndProject
Project("{FAE04EC0-301F-11D3-BF4B-00C04F79EFBC}") = "Tyuiu.ShindinDN.Sprint3.Task7.V7", "Tyuiu.ShindinDN.Sprint3.Task7.V7\Tyuiu.ShindinDN.Sprint3.Task7.V7.csproj", "{0E87657A-1BEE-4C10-8898-20239C5F3036}"
EndProject
Project("{FAE04EC0-301F-11D3-BF4B-00C04F79EFBC}") = "Tyuiu.ShindinDN.Sprint3.Task7.V7.Lib", "Tyuiu.ShindinDN.Sprint3.Task7.V7.Lib\Tyuiu.ShindinDN.Sprint3.Task7.V7.Lib.csproj", "{C2514561-9128-4ECC-80AF-09A6DBC73115}"
EndProject
Project("{FAE04EC0-301F-11D3-BF4B-00C04F79EFBC}") = "Tyuiu.ShindinDN.Sprint3.Task7.V7.Test", "Tyuiu.ShindinDN.Sprint3.Task7.V7.Test\Tyuiu.ShindinDN.Sprint3.Task7.V7.Test.csproj", "{2D46B2FD-DCB5-4732-B6D4-C7F94F089F45}"
EndProject
Global
	GlobalSection(SolutionConfigurationPlatforms) = preSolution
		Debug|Any CPU = Debug|Any CPU
		Release|Any CPU = Release|Any CPU
	EndGlobalSection
	GlobalSection(ProjectConfigurationPlatforms) = postSolution
		{A52CA504-31A9-4B33-9DB1-BE3B27E88B1D}.Debug|Any CPU.ActiveCfg = Debug|Any CPU
		{A52CA504-31A9-4B33-9DB1-BE3B27E88B1D}.Debug|Any CPU.Build.0 = Debug|Any CPU
		{A52CA504-31A9-4B33-9DB1-BE3B27E88B1D}.Release|Any CPU.ActiveCfg = Release|Any CPU
		{A52CA504-31A9-4B33-9DB1-BE3B27E88B1D}.Release|Any CPU.Build.0 = Release|Any CPU
		{40E0082A-8A88-4870-998A-D289D3D43D4B}.Debug|Any CPU.ActiveCfg = Debug|Any CPU
		{40E0082A-8A88-4870-998A-D289D3D43D4B}.Debug|Any CPU.Build.0 = Debug|Any CPU
		{40E0082A-8A88-4870-998A-D289D3D43D4B}.Release|Any CPU.ActiveCfg = Release|Any CPU
		{40E0082A-8A88-4870-998A-D289D3D43D4B}.Release|Any CPU.Build.0 = Release|Any CPU
		{03082007-B299-49A6-BADA-E690B88E88B2}.Debug|Any CPU.ActiveCfg = Debug|Any CPU
		{03082007-B299-49A6-BADA-E690B88E88B2}.Debug|Any CPU.Build.0 = Debug|Any CPU
		{03082007-B299-49A6-BADA-E690B88E88B2}.Release|Any CPU.ActiveCfg = Release|Any CPU
		{03082007-B299-49A6-BADA-E690B88E88B2}.Release|Any CPU.Build.0 = Release|Any CPU
		{77D79658-E9A6-4B86-9B9A-7F230DCD028C}.Debug|Any CPU.ActiveCfg = Debug|Any CPU
		{77D79658-E9A6-4B86-9B9A-7F230DCD028C}.Debug|Any CPU.Build.0 = Debug|Any CPU
		{77D79658-E9A6-4B86-9B9A-7F230DCD028C}.Release|Any CPU.ActiveCfg = Release|Any CPU
		{77D79658-E9A6-4B86-9B9A-7F230DCD028C}.Release|Any CPU.Build.0 = Release|Any CPU
		{D9B98077-D003-4AA3-8ECC-BCB6BC4C371C}.Debug|Any CPU.ActiveCfg = Debug|Any CPU
		{D9B98077-D003-4AA3-8ECC-BCB6BC4C371C}.Debug|Any CPU.Build.0 = Debug|Any CPU
		{D9B98077-D003-4AA3-8ECC-BCB6BC4C371C}.Release|Any CPU.ActiveCfg = Release|Any CPU
		{D9B98077-D003-4AA3-8ECC-BCB6BC4C371C}.Release|Any CPU.Build.0 = Release|Any CPU
		{E131D0BF-E3B4-43FE-B072-EB0C10CF1DA8}.Debug|Any CPU.ActiveCfg = Debug|Any CPU
		{E131D0BF-E3B4-43FE-B072-EB0C10CF1DA8}.Debug|Any CPU.Build.0 = Debug|Any CPU
		{E131D0BF-E3B4-43FE-B072-EB0C10CF1DA8}.Release|Any CPU.ActiveCfg = Release|Any CPU
		{E131D0BF-E3B4-43FE-B072-EB0C10CF1DA8}.Release|Any CPU.Build.0 = Release|Any CPU
		{7AD6C196-4622-4E8F-9D2C-B9CFB00EA808}.Debug|Any CPU.ActiveCfg = Debug|Any CPU
		{7AD6C196-4622-4E8F-9D2C-B9CFB00EA808}.Debug|Any CPU.Build.0 = Debug|Any CPU
		{7AD6C196-4622-4E8F-9D2C-B9CFB00EA808}.Release|Any CPU.ActiveCfg = Release|Any CPU
		{7AD6C196-4622-4E8F-9D2C-B9CFB00EA808}.Release|Any CPU.Build.0 = Release|Any CPU
		{E866C3F9-CD27-4B66-BA5D-AFC6DBB573CB}.Debug|Any CPU.ActiveCfg = Debug|Any CPU
		{E866C3F9-CD27-4B66-BA5D-AFC6DBB573CB}.Debug|Any CPU.Build.0 = Debug|Any CPU
		{E866C3F9-CD27-4B66-BA5D-AFC6DBB573CB}.Release|Any CPU.ActiveCfg = Release|Any CPU
		{E866C3F9-CD27-4B66-BA5D-AFC6DBB573CB}.Release|Any CPU.Build.0 = Release|Any CPU
		{CFBBD72A-A493-4A5D-A497-402B53DB514F}.Debug|Any CPU.ActiveCfg = Debug|Any CPU
		{CFBBD72A-A493-4A5D-A497-402B53DB514F}.Debug|Any CPU.Build.0 = Debug|Any CPU
		{CFBBD72A-A493-4A5D-A497-402B53DB514F}.Release|Any CPU.ActiveCfg = Release|Any CPU
		{CFBBD72A-A493-4A5D-A497-402B53DB514F}.Release|Any CPU.Build.0 = Release|Any CPU
		{033BA23F-49BA-4765-9568-B4839D96D2D5}.Debug|Any CPU.ActiveCfg = Debug|Any CPU
		{033BA23F-49BA-4765-9568-B4839D96D2D5}.Debug|Any CPU.Build.0 = Debug|Any CPU
		{033BA23F-49BA-4765-9568-B4839D96D2D5}.Release|Any CPU.ActiveCfg = Release|Any CPU
		{033BA23F-49BA-4765-9568-B4839D96D2D5}.Release|Any CPU.Build.0 = Release|Any CPU
		{FFA28291-1A1A-4178-80F1-62936B7EBF3D}.Debug|Any CPU.ActiveCfg = Debug|Any CPU
		{FFA28291-1A1A-4178-80F1-62936B7EBF3D}.Debug|Any CPU.Build.0 = Debug|Any CPU
		{FFA28291-1A1A-4178-80F1-62936B7EBF3D}.Release|Any CPU.ActiveCfg = Release|Any CPU
		{FFA28291-1A1A-4178-80F1-62936B7EBF3D}.Release|Any CPU.Build.0 = Release|Any CPU
		{09A722DB-B3A8-4779-99D9-E07D5D531241}.Debug|Any CPU.ActiveCfg = Debug|Any CPU
		{09A722DB-B3A8-4779-99D9-E07D5D531241}.Debug|Any CPU.Build.0 = Debug|Any CPU
		{09A722DB-B3A8-4779-99D9-E07D5D531241}.Release|Any CPU.ActiveCfg = Release|Any CPU
		{09A722DB-B3A8-4779-99D9-E07D5D531241}.Release|Any CPU.Build.0 = Release|Any CPU
		{63F7BC0A-3E6D-494C-A6B9-E0D0E2F92EB2}.Debug|Any CPU.ActiveCfg = Debug|Any CPU
		{63F7BC0A-3E6D-494C-A6B9-E0D0E2F92EB2}.Debug|Any CPU.Build.0 = Debug|Any CPU
		{63F7BC0A-3E6D-494C-A6B9-E0D0E2F92EB2}.Release|Any CPU.ActiveCfg = Release|Any CPU
		{63F7BC0A-3E6D-494C-A6B9-E0D0E2F92EB2}.Release|Any CPU.Build.0 = Release|Any CPU
		{D4F9E1A6-69EA-42F8-A98E-6CDC5C04E92B}.Debug|Any CPU.ActiveCfg = Debug|Any CPU
		{D4F9E1A6-69EA-42F8-A98E-6CDC5C04E92B}.Debug|Any CPU.Build.0 = Debug|Any CPU
		{D4F9E1A6-69EA-42F8-A98E-6CDC5C04E92B}.Release|Any CPU.ActiveCfg = Release|Any CPU
		{D4F9E1A6-69EA-42F8-A98E-6CDC5C04E92B}.Release|Any CPU.Build.0 = Release|Any CPU
		{B43D59BA-6FAB-42B4-B005-B9E46C29FD82}.Debug|Any CPU.ActiveCfg = Debug|Any CPU
		{B43D59BA-6FAB-42B4-B005-B9E46C29FD82}.Debug|Any CPU.Build.0 = Debug|Any CPU
		{B43D59BA-6FAB-42B4-B005-B9E46C29FD82}.Release|Any CPU.ActiveCfg = Release|Any CPU
		{B43D59BA-6FAB-42B4-B005-B9E46C29FD82}.Release|Any CPU.Build.0 = Release|Any CPU
		{F6FF61AB-4228-49EB-93E5-8CADD8634EA0}.Debug|Any CPU.ActiveCfg = Debug|Any CPU
		{F6FF61AB-4228-49EB-93E5-8CADD8634EA0}.Debug|Any CPU.Build.0 = Debug|Any CPU
		{F6FF61AB-4228-49EB-93E5-8CADD8634EA0}.Release|Any CPU.ActiveCfg = Release|Any CPU
		{F6FF61AB-4228-49EB-93E5-8CADD8634EA0}.Release|Any CPU.Build.0 = Release|Any CPU
		{F8C65E18-9920-458F-88D1-0C3942E8EE97}.Debug|Any CPU.ActiveCfg = Debug|Any CPU
		{F8C65E18-9920-458F-88D1-0C3942E8EE97}.Debug|Any CPU.Build.0 = Debug|Any CPU
		{F8C65E18-9920-458F-88D1-0C3942E8EE97}.Release|Any CPU.ActiveCfg = Release|Any CPU
		{F8C65E18-9920-458F-88D1-0C3942E8EE97}.Release|Any CPU.Build.0 = Release|Any CPU
		{99AC28C5-F95E-4E0B-BA17-E0BCC3F1A073}.Debug|Any CPU.ActiveCfg = Debug|Any CPU
		{99AC28C5-F95E-4E0B-BA17-E0BCC3F1A073}.Debug|Any CPU.Build.0 = Debug|Any CPU
		{99AC28C5-F95E-4E0B-BA17-E0BCC3F1A073}.Release|Any CPU.ActiveCfg = Release|Any CPU
		{99AC28C5-F95E-4E0B-BA17-E0BCC3F1A073}.Release|Any CPU.Build.0 = Release|Any CPU
		{BB54EF7E-B274-4CAE-83F1-53F7761AA4DA}.Debug|Any CPU.ActiveCfg = Debug|Any CPU
		{BB54EF7E-B274-4CAE-83F1-53F7761AA4DA}.Debug|Any CPU.Build.0 = Debug|Any CPU
		{BB54EF7E-B274-4CAE-83F1-53F7761AA4DA}.Release|Any CPU.ActiveCfg = Release|Any CPU
		{BB54EF7E-B274-4CAE-83F1-53F7761AA4DA}.Release|Any CPU.Build.0 = Release|Any CPU
		{14E994A4-319F-4555-B27B-0ADE1C917198}.Debug|Any CPU.ActiveCfg = Debug|Any CPU
		{14E994A4-319F-4555-B27B-0ADE1C917198}.Debug|Any CPU.Build.0 = Debug|Any CPU
		{14E994A4-319F-4555-B27B-0ADE1C917198}.Release|Any CPU.ActiveCfg = Release|Any CPU
		{14E994A4-319F-4555-B27B-0ADE1C917198}.Release|Any CPU.Build.0 = Release|Any CPU
		{48997E0E-FBC8-4EB2-92D7-94D2CE9DBCFB}.Debug|Any CPU.ActiveCfg = Debug|Any CPU
		{48997E0E-FBC8-4EB2-92D7-94D2CE9DBCFB}.Debug|Any CPU.Build.0 = Debug|Any CPU
		{48997E0E-FBC8-4EB2-92D7-94D2CE9DBCFB}.Release|Any CPU.ActiveCfg = Release|Any CPU
		{48997E0E-FBC8-4EB2-92D7-94D2CE9DBCFB}.Release|Any CPU.Build.0 = Release|Any CPU
		{0E87657A-1BEE-4C10-8898-20239C5F3036}.Debug|Any CPU.ActiveCfg = Debug|Any CPU
		{0E87657A-1BEE-4C10-8898-20239C5F3036}.Debug|Any CPU.Build.0 = Debug|Any CPU
		{0E87657A-1BEE-4C10-8898-20239C5F3036}.Release|Any CPU.ActiveCfg = Release|Any CPU
		{0E87657A-1BEE-4C10-8898-20239C5F3036}.Release|Any CPU.Build.0 = Release|Any CPU
		{C2514561-9128-4ECC-80AF-09A6DBC73115}.Debug|Any CPU.ActiveCfg = Debug|Any CPU
		{C2514561-9128-4ECC-80AF-09A6DBC73115}.Debug|Any CPU.Build.0 = Debug|Any CPU
		{C2514561-9128-4ECC-80AF-09A6DBC73115}.Release|Any CPU.ActiveCfg = Release|Any CPU
		{C2514561-9128-4ECC-80AF-09A6DBC73115}.Release|Any CPU.Build.0 = Release|Any CPU
		{2D46B2FD-DCB5-4732-B6D4-C7F94F089F45}.Debug|Any CPU.ActiveCfg = Debug|Any CPU
		{2D46B2FD-DCB5-4732-B6D4-C7F94F089F45}.Debug|Any CPU.Build.0 = Debug|Any CPU
		{2D46B2FD-DCB5-4732-B6D4-C7F94F089F45}.Release|Any CPU.ActiveCfg = Release|Any CPU
		{2D46B2FD-DCB5-4732-B6D4-C7F94F089F45}.Release|Any CPU.Build.0 = Release|Any CPU
	EndGlobalSection
	GlobalSection(SolutionProperties) = preSolution
		HideSolutionNode = FALSE
	EndGlobalSection
	GlobalSection(NestedProjects) = preSolution
		{A52CA504-31A9-4B33-9DB1-BE3B27E88B1D} = {920F3554-0434-4070-B26B-754A8645D5BD}
		{40E0082A-8A88-4870-998A-D289D3D43D4B} = {920F3554-0434-4070-B26B-754A8645D5BD}
		{03082007-B299-49A6-BADA-E690B88E88B2} = {920F3554-0434-4070-B26B-754A8645D5BD}
		{77D79658-E9A6-4B86-9B9A-7F230DCD028C} = {6671A492-6CCA-4CD9-9CCC-6ADA6E6843F0}
		{D9B98077-D003-4AA3-8ECC-BCB6BC4C371C} = {6671A492-6CCA-4CD9-9CCC-6ADA6E6843F0}
		{E131D0BF-E3B4-43FE-B072-EB0C10CF1DA8} = {6671A492-6CCA-4CD9-9CCC-6ADA6E6843F0}
		{7AD6C196-4622-4E8F-9D2C-B9CFB00EA808} = {0A270CD2-07DD-41E1-9A79-25DF16A1AA0F}
		{E866C3F9-CD27-4B66-BA5D-AFC6DBB573CB} = {0A270CD2-07DD-41E1-9A79-25DF16A1AA0F}
		{CFBBD72A-A493-4A5D-A497-402B53DB514F} = {0A270CD2-07DD-41E1-9A79-25DF16A1AA0F}
		{033BA23F-49BA-4765-9568-B4839D96D2D5} = {9788A3A4-5AC8-4566-B96F-4801D0E2F2D0}
		{FFA28291-1A1A-4178-80F1-62936B7EBF3D} = {9788A3A4-5AC8-4566-B96F-4801D0E2F2D0}
		{09A722DB-B3A8-4779-99D9-E07D5D531241} = {9788A3A4-5AC8-4566-B96F-4801D0E2F2D0}
		{63F7BC0A-3E6D-494C-A6B9-E0D0E2F92EB2} = {EB8A630C-426D-4435-8221-E7C1F94CB89E}
		{D4F9E1A6-69EA-42F8-A98E-6CDC5C04E92B} = {EB8A630C-426D-4435-8221-E7C1F94CB89E}
		{B43D59BA-6FAB-42B4-B005-B9E46C29FD82} = {EB8A630C-426D-4435-8221-E7C1F94CB89E}
		{F6FF61AB-4228-49EB-93E5-8CADD8634EA0} = {973426B1-60BF-4B04-9C8C-391703D29735}
		{F8C65E18-9920-458F-88D1-0C3942E8EE97} = {973426B1-60BF-4B04-9C8C-391703D29735}
		{99AC28C5-F95E-4E0B-BA17-E0BCC3F1A073} = {973426B1-60BF-4B04-9C8C-391703D29735}
		{BB54EF7E-B274-4CAE-83F1-53F7761AA4DA} = {1838C06F-9397-42F3-80F8-0C73C449783F}
		{14E994A4-319F-4555-B27B-0ADE1C917198} = {1838C06F-9397-42F3-80F8-0C73C449783F}
		{48997E0E-FBC8-4EB2-92D7-94D2CE9DBCFB} = {1838C06F-9397-42F3-80F8-0C73C449783F}
		{0E87657A-1BEE-4C10-8898-20239C5F3036} = {8D5358FD-438A-4366-AD12-F5D7FCE02CEF}
		{C2514561-9128-4ECC-80AF-09A6DBC73115} = {8D5358FD-438A-4366-AD12-F5D7FCE02CEF}
		{2D46B2FD-DCB5-4732-B6D4-C7F94F089F45} = {8D5358FD-438A-4366-AD12-F5D7FCE02CEF}
	EndGlobalSection
	GlobalSection(ExtensibilityGlobals) = postSolution
		SolutionGuid = {EB4FAD4C-291E-45C6-9471-55E6444E4B6F}
	EndGlobalSection
EndGlobal
